// !$*UTF8*$!
{
	archiveVersion = 1;
	classes = {
	};
	objectVersion = 50;
	objects = {

/* Begin PBXBuildFile section */
		D43BABBE25D469F1005CD658 /* AppDelegate.swift in Sources */ = {isa = PBXBuildFile; fileRef = D43BABBD25D469F1005CD658 /* AppDelegate.swift */; };
		D43BABC025D469F1005CD658 /* SceneDelegate.swift in Sources */ = {isa = PBXBuildFile; fileRef = D43BABBF25D469F1005CD658 /* SceneDelegate.swift */; };
		D43BABC225D469F1005CD658 /* ViewController.swift in Sources */ = {isa = PBXBuildFile; fileRef = D43BABC125D469F1005CD658 /* ViewController.swift */; };
		D43BABC525D469F1005CD658 /* Main.storyboard in Resources */ = {isa = PBXBuildFile; fileRef = D43BABC325D469F1005CD658 /* Main.storyboard */; };
		D43BABC725D469F2005CD658 /* Assets.xcassets in Resources */ = {isa = PBXBuildFile; fileRef = D43BABC625D469F2005CD658 /* Assets.xcassets */; };
		D43BABCA25D469F2005CD658 /* LaunchScreen.storyboard in Resources */ = {isa = PBXBuildFile; fileRef = D43BABC825D469F2005CD658 /* LaunchScreen.storyboard */; };
/* End PBXBuildFile section */

/* Begin PBXFileReference section */
		D43BABBA25D469F1005CD658 /* BreakingBadQuiz.app */ = {isa = PBXFileReference; explicitFileType = wrapper.application; includeInIndex = 0; path = BreakingBadQuiz.app; sourceTree = BUILT_PRODUCTS_DIR; };
		D43BABBD25D469F1005CD658 /* AppDelegate.swift */ = {isa = PBXFileReference; lastKnownFileType = sourcecode.swift; path = AppDelegate.swift; sourceTree = "<group>"; };
		D43BABBF25D469F1005CD658 /* SceneDelegate.swift */ = {isa = PBXFileReference; lastKnownFileType = sourcecode.swift; path = SceneDelegate.swift; sourceTree = "<group>"; };
		D43BABC125D469F1005CD658 /* ViewController.swift */ = {isa = PBXFileReference; lastKnownFileType = sourcecode.swift; path = ViewController.swift; sourceTree = "<group>"; };
		D43BABC425D469F1005CD658 /* Base */ = {isa = PBXFileReference; lastKnownFileType = file.storyboard; name = Base; path = Base.lproj/Main.storyboard; sourceTree = "<group>"; };
		D43BABC625D469F2005CD658 /* Assets.xcassets */ = {isa = PBXFileReference; lastKnownFileType = folder.assetcatalog; path = Assets.xcassets; sourceTree = "<group>"; };
		D43BABC925D469F2005CD658 /* Base */ = {isa = PBXFileReference; lastKnownFileType = file.storyboard; name = Base; path = Base.lproj/LaunchScreen.storyboard; sourceTree = "<group>"; };
		D43BABCB25D469F2005CD658 /* Info.plist */ = {isa = PBXFileReference; lastKnownFileType = text.plist.xml; path = Info.plist; sourceTree = "<group>"; };
/* End PBXFileReference section */

/* Begin PBXFrameworksBuildPhase section */
		D43BABB725D469F1005CD658 /* Frameworks */ = {
			isa = PBXFrameworksBuildPhase;
			buildActionMask = 2147483647;
			files = (
			);
			runOnlyForDeploymentPostprocessing = 0;
		};
/* End PBXFrameworksBuildPhase section */

/* Begin PBXGroup section */
		D43BABB125D469F1005CD658 = {
			isa = PBXGroup;
			children = (
				D43BABBC25D469F1005CD658 /* BreakingBadQuiz */,
				D43BABBB25D469F1005CD658 /* Products */,
			);
			sourceTree = "<group>";
		};
		D43BABBB25D469F1005CD658 /* Products */ = {
			isa = PBXGroup;
			children = (
				D43BABBA25D469F1005CD658 /* BreakingBadQuiz.app */,
			);
			name = Products;
			sourceTree = "<group>";
		};
		D43BABBC25D469F1005CD658 /* BreakingBadQuiz */ = {
			isa = PBXGroup;
			children = (
				D43BABD225D46A02005CD658 /* Resources */,
				D43BABC125D469F1005CD658 /* ViewController.swift */,
				D43BABC325D469F1005CD658 /* Main.storyboard */,
				D43BABC825D469F2005CD658 /* LaunchScreen.storyboard */,
			);
			path = BreakingBadQuiz;
			sourceTree = "<group>";
		};
		D43BABD225D46A02005CD658 /* Resources */ = {
			isa = PBXGroup;
			children = (
				D43BABBD25D469F1005CD658 /* AppDelegate.swift */,
				D43BABBF25D469F1005CD658 /* SceneDelegate.swift */,
				D43BABC625D469F2005CD658 /* Assets.xcassets */,
				D43BABCB25D469F2005CD658 /* Info.plist */,
			);
			path = Resources;
			sourceTree = "<group>";
		};
/* End PBXGroup section */

/* Begin PBXNativeTarget section */
		D43BABB925D469F1005CD658 /* BreakingBadQuiz */ = {
			isa = PBXNativeTarget;
			buildConfigurationList = D43BABCE25D469F2005CD658 /* Build configuration list for PBXNativeTarget "BreakingBadQuiz" */;
			buildPhases = (
				D43BABB625D469F1005CD658 /* Sources */,
				D43BABB725D469F1005CD658 /* Frameworks */,
				D43BABB825D469F1005CD658 /* Resources */,
			);
			buildRules = (
			);
			dependencies = (
			);
			name = BreakingBadQuiz;
			productName = BreakingBadQuiz;
			productReference = D43BABBA25D469F1005CD658 /* BreakingBadQuiz.app */;
			productType = "com.apple.product-type.application";
		};
/* End PBXNativeTarget section */

/* Begin PBXProject section */
		D43BABB225D469F1005CD658 /* Project object */ = {
			isa = PBXProject;
			attributes = {
				LastSwiftUpdateCheck = 1240;
				LastUpgradeCheck = 1240;
				TargetAttributes = {
					D43BABB925D469F1005CD658 = {
						CreatedOnToolsVersion = 12.4;
					};
				};
			};
			buildConfigurationList = D43BABB525D469F1005CD658 /* Build configuration list for PBXProject "BreakingBadQuiz" */;
			compatibilityVersion = "Xcode 9.3";
			developmentRegion = en;
			hasScannedForEncodings = 0;
			knownRegions = (
				en,
				Base,
			);
			mainGroup = D43BABB125D469F1005CD658;
			productRefGroup = D43BABBB25D469F1005CD658 /* Products */;
			projectDirPath = "";
			projectRoot = "";
			targets = (
				D43BABB925D469F1005CD658 /* BreakingBadQuiz */,
			);
		};
/* End PBXProject section */

/* Begin PBXResourcesBuildPhase section */
		D43BABB825D469F1005CD658 /* Resources */ = {
			isa = PBXResourcesBuildPhase;
			buildActionMask = 2147483647;
			files = (
				D43BABCA25D469F2005CD658 /* LaunchScreen.storyboard in Resources */,
				D43BABC725D469F2005CD658 /* Assets.xcassets in Resources */,
				D43BABC525D469F1005CD658 /* Main.storyboard in Resources */,
			);
			runOnlyForDeploymentPostprocessing = 0;
		};
/* End PBXResourcesBuildPhase section */

/* Begin PBXSourcesBuildPhase section */
		D43BABB625D469F1005CD658 /* Sources */ = {
			isa = PBXSourcesBuildPhase;
			buildActionMask = 2147483647;
			files = (
				D43BABC225D469F1005CD658 /* ViewController.swift in Sources */,
				D43BABBE25D469F1005CD658 /* AppDelegate.swift in Sources */,
				D43BABC025D469F1005CD658 /* SceneDelegate.swift in Sources */,
			);
			runOnlyForDeploymentPostprocessing = 0;
		};
/* End PBXSourcesBuildPhase section */

/* Begin PBXVariantGroup section */
		D43BABC325D469F1005CD658 /* Main.storyboard */ = {
			isa = PBXVariantGroup;
			children = (
				D43BABC425D469F1005CD658 /* Base */,
			);
			name = Main.storyboard;
			sourceTree = "<group>";
		};
		D43BABC825D469F2005CD658 /* LaunchScreen.storyboard */ = {
			isa = PBXVariantGroup;
			children = (
				D43BABC925D469F2005CD658 /* Base */,
			);
			name = LaunchScreen.storyboard;
			sourceTree = "<group>";
		};
/* End PBXVariantGroup section */

/* Begin XCBuildConfiguration section */
		D43BABCC25D469F2005CD658 /* Debug */ = {
			isa = XCBuildConfiguration;
			buildSettings = {
				ALWAYS_SEARCH_USER_PATHS = NO;
				CLANG_ANALYZER_NONNULL = YES;
				CLANG_ANALYZER_NUMBER_OBJECT_CONVERSION = YES_AGGRESSIVE;
				CLANG_CXX_LANGUAGE_STANDARD = "gnu++14";
				CLANG_CXX_LIBRARY = "libc++";
				CLANG_ENABLE_MODULES = YES;
				CLANG_ENABLE_OBJC_ARC = YES;
				CLANG_ENABLE_OBJC_WEAK = YES;
				CLANG_WARN_BLOCK_CAPTURE_AUTORELEASING = YES;
				CLANG_WARN_BOOL_CONVERSION = YES;
				CLANG_WARN_COMMA = YES;
				CLANG_WARN_CONSTANT_CONVERSION = YES;
				CLANG_WARN_DEPRECATED_OBJC_IMPLEMENTATIONS = YES;
				CLANG_WARN_DIRECT_OBJC_ISA_USAGE = YES_ERROR;
				CLANG_WARN_DOCUMENTATION_COMMENTS = YES;
				CLANG_WARN_EMPTY_BODY = YES;
				CLANG_WARN_ENUM_CONVERSION = YES;
				CLANG_WARN_INFINITE_RECURSION = YES;
				CLANG_WARN_INT_CONVERSION = YES;
				CLANG_WARN_NON_LITERAL_NULL_CONVERSION = YES;
				CLANG_WARN_OBJC_IMPLICIT_RETAIN_SELF = YES;
				CLANG_WARN_OBJC_LITERAL_CONVERSION = YES;
				CLANG_WARN_OBJC_ROOT_CLASS = YES_ERROR;
				CLANG_WARN_QUOTED_INCLUDE_IN_FRAMEWORK_HEADER = YES;
				CLANG_WARN_RANGE_LOOP_ANALYSIS = YES;
				CLANG_WARN_STRICT_PROTOTYPES = YES;
				CLANG_WARN_SUSPICIOUS_MOVE = YES;
				CLANG_WARN_UNGUARDED_AVAILABILITY = YES_AGGRESSIVE;
				CLANG_WARN_UNREACHABLE_CODE = YES;
				CLANG_WARN__DUPLICATE_METHOD_MATCH = YES;
				COPY_PHASE_STRIP = NO;
				DEBUG_INFORMATION_FORMAT = dwarf;
				ENABLE_STRICT_OBJC_MSGSEND = YES;
				ENABLE_TESTABILITY = YES;
				GCC_C_LANGUAGE_STANDARD = gnu11;
				GCC_DYNAMIC_NO_PIC = NO;
				GCC_NO_COMMON_BLOCKS = YES;
				GCC_OPTIMIZATION_LEVEL = 0;
				GCC_PREPROCESSOR_DEFINITIONS = (
					"DEBUG=1",
					"$(inherited)",
				);
				GCC_WARN_64_TO_32_BIT_CONVERSION = YES;
				GCC_WARN_ABOUT_RETURN_TYPE = YES_ERROR;
				GCC_WARN_UNDECLARED_SELECTOR = YES;
				GCC_WARN_UNINITIALIZED_AUTOS = YES_AGGRESSIVE;
				GCC_WARN_UNUSED_FUNCTION = YES;
				GCC_WARN_UNUSED_VARIABLE = YES;
				IPHONEOS_DEPLOYMENT_TARGET = 14.4;
				MTL_ENABLE_DEBUG_INFO = INCLUDE_SOURCE;
				MTL_FAST_MATH = YES;
				ONLY_ACTIVE_ARCH = YES;
				SDKROOT = iphoneos;
				SWIFT_ACTIVE_COMPILATION_CONDITIONS = DEBUG;
				SWIFT_OPTIMIZATION_LEVEL = "-Onone";
			};
			name = Debug;
		};
		D43BABCD25D469F2005CD658 /* Release */ = {
			isa = XCBuildConfiguration;
			buildSettings = {
				ALWAYS_SEARCH_USER_PATHS = NO;
				CLANG_ANALYZER_NONNULL = YES;
				CLANG_ANALYZER_NUMBER_OBJECT_CONVERSION = YES_AGGRESSIVE;
				CLANG_CXX_LANGUAGE_STANDARD = "gnu++14";
				CLANG_CXX_LIBRARY = "libc++";
				CLANG_ENABLE_MODULES = YES;
				CLANG_ENABLE_OBJC_ARC = YES;
				CLANG_ENABLE_OBJC_WEAK = YES;
				CLANG_WARN_BLOCK_CAPTURE_AUTORELEASING = YES;
				CLANG_WARN_BOOL_CONVERSION = YES;
				CLANG_WARN_COMMA = YES;
				CLANG_WARN_CONSTANT_CONVERSION = YES;
				CLANG_WARN_DEPRECATED_OBJC_IMPLEMENTATIONS = YES;
				CLANG_WARN_DIRECT_OBJC_ISA_USAGE = YES_ERROR;
				CLANG_WARN_DOCUMENTATION_COMMENTS = YES;
				CLANG_WARN_EMPTY_BODY = YES;
				CLANG_WARN_ENUM_CONVERSION = YES;
				CLANG_WARN_INFINITE_RECURSION = YES;
				CLANG_WARN_INT_CONVERSION = YES;
				CLANG_WARN_NON_LITERAL_NULL_CONVERSION = YES;
				CLANG_WARN_OBJC_IMPLICIT_RETAIN_SELF = YES;
				CLANG_WARN_OBJC_LITERAL_CONVERSION = YES;
				CLANG_WARN_OBJC_ROOT_CLASS = YES_ERROR;
				CLANG_WARN_QUOTED_INCLUDE_IN_FRAMEWORK_HEADER = YES;
				CLANG_WARN_RANGE_LOOP_ANALYSIS = YES;
				CLANG_WARN_STRICT_PROTOTYPES = YES;
				CLANG_WARN_SUSPICIOUS_MOVE = YES;
				CLANG_WARN_UNGUARDED_AVAILABILITY = YES_AGGRESSIVE;
				CLANG_WARN_UNREACHABLE_CODE = YES;
				CLANG_WARN__DUPLICATE_METHOD_MATCH = YES;
				COPY_PHASE_STRIP = NO;
				DEBUG_INFORMATION_FORMAT = "dwarf-with-dsym";
				ENABLE_NS_ASSERTIONS = NO;
				ENABLE_STRICT_OBJC_MSGSEND = YES;
				GCC_C_LANGUAGE_STANDARD = gnu11;
				GCC_NO_COMMON_BLOCKS = YES;
				GCC_WARN_64_TO_32_BIT_CONVERSION = YES;
				GCC_WARN_ABOUT_RETURN_TYPE = YES_ERROR;
				GCC_WARN_UNDECLARED_SELECTOR = YES;
				GCC_WARN_UNINITIALIZED_AUTOS = YES_AGGRESSIVE;
				GCC_WARN_UNUSED_FUNCTION = YES;
				GCC_WARN_UNUSED_VARIABLE = YES;
				IPHONEOS_DEPLOYMENT_TARGET = 14.4;
				MTL_ENABLE_DEBUG_INFO = NO;
				MTL_FAST_MATH = YES;
				SDKROOT = iphoneos;
				SWIFT_COMPILATION_MODE = wholemodule;
				SWIFT_OPTIMIZATION_LEVEL = "-O";
				VALIDATE_PRODUCT = YES;
			};
			name = Release;
		};
		D43BABCF25D469F2005CD658 /* Debug */ = {
			isa = XCBuildConfiguration;
			buildSettings = {
				ASSETCATALOG_COMPILER_APPICON_NAME = AppIcon;
				ASSETCATALOG_COMPILER_GLOBAL_ACCENT_COLOR_NAME = AccentColor;
				CODE_SIGN_STYLE = Automatic;
				DEVELOPMENT_TEAM = JPSVB6QM3N;
				INFOPLIST_FILE = BreakingBadQuiz/Resources/Info.plist;
				LD_RUNPATH_SEARCH_PATHS = (
					"$(inherited)",
					"@executable_path/Frameworks",
				);
				PRODUCT_BUNDLE_IDENTIFIER = com.chaseaviles.BreakingBadQuiz;
				PRODUCT_NAME = "$(TARGET_NAME)";
				SWIFT_VERSION = 5.0;
				TARGETED_DEVICE_FAMILY = "1,2";
			};
			name = Debug;
		};
		D43BABD025D469F2005CD658 /* Release */ = {
			isa = XCBuildConfiguration;
			buildSettings = {
				ASSETCATALOG_COMPILER_APPICON_NAME = AppIcon;
				ASSETCATALOG_COMPILER_GLOBAL_ACCENT_COLOR_NAME = AccentColor;
				CODE_SIGN_STYLE = Automatic;
				DEVELOPMENT_TEAM = JPSVB6QM3N;
				INFOPLIST_FILE = BreakingBadQuiz/Resources/Info.plist;
				LD_RUNPATH_SEARCH_PATHS = (
					"$(inherited)",
					"@executable_path/Frameworks",
				);
				PRODUCT_BUNDLE_IDENTIFIER = com.chaseaviles.BreakingBadQuiz;
				PRODUCT_NAME = "$(TARGET_NAME)";
				SWIFT_VERSION = 5.0;
				TARGETED_DEVICE_FAMILY = "1,2";
			};
			name = Release;
		};
/* End XCBuildConfiguration section */

/* Begin XCConfigurationList section */
		D43BABB525D469F1005CD658 /* Build configuration list for PBXProject "BreakingBadQuiz" */ = {
			isa = XCConfigurationList;
			buildConfigurations = (
				D43BABCC25D469F2005CD658 /* Debug */,
				D43BABCD25D469F2005CD658 /* Release */,
			);
			defaultConfigurationIsVisible = 0;
			defaultConfigurationName = Release;
		};
		D43BABCE25D469F2005CD658 /* Build configuration list for PBXNativeTarget "BreakingBadQuiz" */ = {
			isa = XCConfigurationList;
			buildConfigurations = (
				D43BABCF25D469F2005CD658 /* Debug */,
				D43BABD025D469F2005CD658 /* Release */,
			);
			defaultConfigurationIsVisible = 0;
			defaultConfigurationName = Release;
		};
/* End XCConfigurationList section */
	};
	rootObject = D43BABB225D469F1005CD658 /* Project object */;
}
